// !$*UTF8*$!
{
	archiveVersion = 1;
	classes = {
	};
	objectVersion = 50;
	objects = {

/* Begin PBXBuildFile section */
		9C11AB4426CD40A600FC247C /* LayoutView.swift in Sources */ = {isa = PBXBuildFile; fileRef = 9C11AB4326CD40A600FC247C /* LayoutView.swift */; };
		9C931CAC26B1C2390056FE64 /* AppDelegate.swift in Sources */ = {isa = PBXBuildFile; fileRef = 9C931CAB26B1C2390056FE64 /* AppDelegate.swift */; };
		9C931CAE26B1C2390056FE64 /* SceneDelegate.swift in Sources */ = {isa = PBXBuildFile; fileRef = 9C931CAD26B1C2390056FE64 /* SceneDelegate.swift */; };
		9C931CB026B1C2390056FE64 /* ViewController.swift in Sources */ = {isa = PBXBuildFile; fileRef = 9C931CAF26B1C2390056FE64 /* ViewController.swift */; };
		9C931CB326B1C2390056FE64 /* Main.storyboard in Resources */ = {isa = PBXBuildFile; fileRef = 9C931CB126B1C2390056FE64 /* Main.storyboard */; };
		9C931CB526B1C23B0056FE64 /* Assets.xcassets in Resources */ = {isa = PBXBuildFile; fileRef = 9C931CB426B1C23B0056FE64 /* Assets.xcassets */; };
		9C931CB826B1C23B0056FE64 /* LaunchScreen.storyboard in Resources */ = {isa = PBXBuildFile; fileRef = 9C931CB626B1C23B0056FE64 /* LaunchScreen.storyboard */; };
		9C931CC326B1C23B0056FE64 /* InstagridTests.swift in Sources */ = {isa = PBXBuildFile; fileRef = 9C931CC226B1C23B0056FE64 /* InstagridTests.swift */; };
		9C931CCE26B1C23B0056FE64 /* InstagridUITests.swift in Sources */ = {isa = PBXBuildFile; fileRef = 9C931CCD26B1C23B0056FE64 /* InstagridUITests.swift */; };
		9CD1BB3E26B6EB05000F2054 /* Delm-Medium.otf in Resources */ = {isa = PBXBuildFile; fileRef = 9CD1BB3C26B6EB05000F2054 /* Delm-Medium.otf */; };
		9CD1BB3F26B6EB05000F2054 /* ThirstySoftRegular.otf in Resources */ = {isa = PBXBuildFile; fileRef = 9CD1BB3D26B6EB05000F2054 /* ThirstySoftRegular.otf */; };
/* End PBXBuildFile section */

/* Begin PBXContainerItemProxy section */
		9C931CBF26B1C23B0056FE64 /* PBXContainerItemProxy */ = {
			isa = PBXContainerItemProxy;
			containerPortal = 9C931CA026B1C2390056FE64 /* Project object */;
			proxyType = 1;
			remoteGlobalIDString = 9C931CA726B1C2390056FE64;
			remoteInfo = Instagrid;
		};
		9C931CCA26B1C23B0056FE64 /* PBXContainerItemProxy */ = {
			isa = PBXContainerItemProxy;
			containerPortal = 9C931CA026B1C2390056FE64 /* Project object */;
			proxyType = 1;
			remoteGlobalIDString = 9C931CA726B1C2390056FE64;
			remoteInfo = Instagrid;
		};
/* End PBXContainerItemProxy section */

/* Begin PBXFileReference section */
		9C11AB4326CD40A600FC247C /* LayoutView.swift */ = {isa = PBXFileReference; lastKnownFileType = sourcecode.swift; path = LayoutView.swift; sourceTree = "<group>"; };
		9C931CA826B1C2390056FE64 /* Instagrid.app */ = {isa = PBXFileReference; explicitFileType = wrapper.application; includeInIndex = 0; path = Instagrid.app; sourceTree = BUILT_PRODUCTS_DIR; };
		9C931CAB26B1C2390056FE64 /* AppDelegate.swift */ = {isa = PBXFileReference; lastKnownFileType = sourcecode.swift; path = AppDelegate.swift; sourceTree = "<group>"; };
		9C931CAD26B1C2390056FE64 /* SceneDelegate.swift */ = {isa = PBXFileReference; lastKnownFileType = sourcecode.swift; path = SceneDelegate.swift; sourceTree = "<group>"; };
		9C931CAF26B1C2390056FE64 /* ViewController.swift */ = {isa = PBXFileReference; lastKnownFileType = sourcecode.swift; path = ViewController.swift; sourceTree = "<group>"; };
		9C931CB226B1C2390056FE64 /* Base */ = {isa = PBXFileReference; lastKnownFileType = file.storyboard; name = Base; path = Base.lproj/Main.storyboard; sourceTree = "<group>"; };
		9C931CB426B1C23B0056FE64 /* Assets.xcassets */ = {isa = PBXFileReference; lastKnownFileType = folder.assetcatalog; path = Assets.xcassets; sourceTree = "<group>"; };
		9C931CB726B1C23B0056FE64 /* Base */ = {isa = PBXFileReference; lastKnownFileType = file.storyboard; name = Base; path = Base.lproj/LaunchScreen.storyboard; sourceTree = "<group>"; };
		9C931CB926B1C23B0056FE64 /* Info.plist */ = {isa = PBXFileReference; lastKnownFileType = text.plist.xml; path = Info.plist; sourceTree = "<group>"; };
		9C931CBE26B1C23B0056FE64 /* InstagridTests.xctest */ = {isa = PBXFileReference; explicitFileType = wrapper.cfbundle; includeInIndex = 0; path = InstagridTests.xctest; sourceTree = BUILT_PRODUCTS_DIR; };
		9C931CC226B1C23B0056FE64 /* InstagridTests.swift */ = {isa = PBXFileReference; lastKnownFileType = sourcecode.swift; path = InstagridTests.swift; sourceTree = "<group>"; };
		9C931CC426B1C23B0056FE64 /* Info.plist */ = {isa = PBXFileReference; lastKnownFileType = text.plist.xml; path = Info.plist; sourceTree = "<group>"; };
		9C931CC926B1C23B0056FE64 /* InstagridUITests.xctest */ = {isa = PBXFileReference; explicitFileType = wrapper.cfbundle; includeInIndex = 0; path = InstagridUITests.xctest; sourceTree = BUILT_PRODUCTS_DIR; };
		9C931CCD26B1C23B0056FE64 /* InstagridUITests.swift */ = {isa = PBXFileReference; lastKnownFileType = sourcecode.swift; path = InstagridUITests.swift; sourceTree = "<group>"; };
		9C931CCF26B1C23B0056FE64 /* Info.plist */ = {isa = PBXFileReference; lastKnownFileType = text.plist.xml; path = Info.plist; sourceTree = "<group>"; };
		9CD1BB3C26B6EB05000F2054 /* Delm-Medium.otf */ = {isa = PBXFileReference; lastKnownFileType = file; path = "Delm-Medium.otf"; sourceTree = "<group>"; };
		9CD1BB3D26B6EB05000F2054 /* ThirstySoftRegular.otf */ = {isa = PBXFileReference; lastKnownFileType = file; path = ThirstySoftRegular.otf; sourceTree = "<group>"; };
/* End PBXFileReference section */

/* Begin PBXFrameworksBuildPhase section */
		9C931CA526B1C2390056FE64 /* Frameworks */ = {
			isa = PBXFrameworksBuildPhase;
			buildActionMask = 2147483647;
			files = (
			);
			runOnlyForDeploymentPostprocessing = 0;
		};
		9C931CBB26B1C23B0056FE64 /* Frameworks */ = {
			isa = PBXFrameworksBuildPhase;
			buildActionMask = 2147483647;
			files = (
			);
			runOnlyForDeploymentPostprocessing = 0;
		};
		9C931CC626B1C23B0056FE64 /* Frameworks */ = {
			isa = PBXFrameworksBuildPhase;
			buildActionMask = 2147483647;
			files = (
			);
			runOnlyForDeploymentPostprocessing = 0;
		};
/* End PBXFrameworksBuildPhase section */

/* Begin PBXGroup section */
		9C931C9F26B1C2390056FE64 = {
			isa = PBXGroup;
			children = (
				9C931CAA26B1C2390056FE64 /* Instagrid */,
				9C931CC126B1C23B0056FE64 /* InstagridTests */,
				9C931CCC26B1C23B0056FE64 /* InstagridUITests */,
				9C931CA926B1C2390056FE64 /* Products */,
			);
			sourceTree = "<group>";
		};
		9C931CA926B1C2390056FE64 /* Products */ = {
			isa = PBXGroup;
			children = (
				9C931CA826B1C2390056FE64 /* Instagrid.app */,
				9C931CBE26B1C23B0056FE64 /* InstagridTests.xctest */,
				9C931CC926B1C23B0056FE64 /* InstagridUITests.xctest */,
			);
			name = Products;
			sourceTree = "<group>";
		};
		9C931CAA26B1C2390056FE64 /* Instagrid */ = {
			isa = PBXGroup;
			children = (
				9C931CDE26B1C3A20056FE64 /* Supporting Files */,
				9C931CDD26B1C38F0056FE64 /* Model */,
				9C931CDC26B1C3890056FE64 /* View */,
				9C931CDB26B1C3790056FE64 /* Controller */,
			);
			path = Instagrid;
			sourceTree = "<group>";
		};
		9C931CC126B1C23B0056FE64 /* InstagridTests */ = {
			isa = PBXGroup;
			children = (
				9C931CC226B1C23B0056FE64 /* InstagridTests.swift */,
				9C931CC426B1C23B0056FE64 /* Info.plist */,
			);
			path = InstagridTests;
			sourceTree = "<group>";
		};
		9C931CCC26B1C23B0056FE64 /* InstagridUITests */ = {
			isa = PBXGroup;
			children = (
				9C931CCD26B1C23B0056FE64 /* InstagridUITests.swift */,
				9C931CCF26B1C23B0056FE64 /* Info.plist */,
			);
			path = InstagridUITests;
			sourceTree = "<group>";
		};
		9C931CDB26B1C3790056FE64 /* Controller */ = {
			isa = PBXGroup;
			children = (
				9C931CAF26B1C2390056FE64 /* ViewController.swift */,
			);
			path = Controller;
			sourceTree = "<group>";
		};
		9C931CDC26B1C3890056FE64 /* View */ = {
			isa = PBXGroup;
			children = (
				9C931CB126B1C2390056FE64 /* Main.storyboard */,
				9C11AB4326CD40A600FC247C /* LayoutView.swift */,
			);
			path = View;
			sourceTree = "<group>";
		};
		9C931CDD26B1C38F0056FE64 /* Model */ = {
			isa = PBXGroup;
			children = (
			);
			path = Model;
			sourceTree = "<group>";
		};
		9C931CDE26B1C3A20056FE64 /* Supporting Files */ = {
			isa = PBXGroup;
			children = (
				9C931CAB26B1C2390056FE64 /* AppDelegate.swift */,
				9C931CAD26B1C2390056FE64 /* SceneDelegate.swift */,
				9C931CB426B1C23B0056FE64 /* Assets.xcassets */,
				9CD1BB3C26B6EB05000F2054 /* Delm-Medium.otf */,
				9CD1BB3D26B6EB05000F2054 /* ThirstySoftRegular.otf */,
				9C931CB626B1C23B0056FE64 /* LaunchScreen.storyboard */,
				9C931CB926B1C23B0056FE64 /* Info.plist */,
			);
			path = "Supporting Files";
			sourceTree = "<group>";
		};
/* End PBXGroup section */

/* Begin PBXNativeTarget section */
		9C931CA726B1C2390056FE64 /* Instagrid */ = {
			isa = PBXNativeTarget;
			buildConfigurationList = 9C931CD226B1C23B0056FE64 /* Build configuration list for PBXNativeTarget "Instagrid" */;
			buildPhases = (
				9C931CA426B1C2390056FE64 /* Sources */,
				9C931CA526B1C2390056FE64 /* Frameworks */,
				9C931CA626B1C2390056FE64 /* Resources */,
			);
			buildRules = (
			);
			dependencies = (
			);
			name = Instagrid;
			productName = Instagrid;
			productReference = 9C931CA826B1C2390056FE64 /* Instagrid.app */;
			productType = "com.apple.product-type.application";
		};
		9C931CBD26B1C23B0056FE64 /* InstagridTests */ = {
			isa = PBXNativeTarget;
			buildConfigurationList = 9C931CD526B1C23B0056FE64 /* Build configuration list for PBXNativeTarget "InstagridTests" */;
			buildPhases = (
				9C931CBA26B1C23B0056FE64 /* Sources */,
				9C931CBB26B1C23B0056FE64 /* Frameworks */,
				9C931CBC26B1C23B0056FE64 /* Resources */,
			);
			buildRules = (
			);
			dependencies = (
				9C931CC026B1C23B0056FE64 /* PBXTargetDependency */,
			);
			name = InstagridTests;
			productName = InstagridTests;
			productReference = 9C931CBE26B1C23B0056FE64 /* InstagridTests.xctest */;
			productType = "com.apple.product-type.bundle.unit-test";
		};
		9C931CC826B1C23B0056FE64 /* InstagridUITests */ = {
			isa = PBXNativeTarget;
			buildConfigurationList = 9C931CD826B1C23B0056FE64 /* Build configuration list for PBXNativeTarget "InstagridUITests" */;
			buildPhases = (
				9C931CC526B1C23B0056FE64 /* Sources */,
				9C931CC626B1C23B0056FE64 /* Frameworks */,
				9C931CC726B1C23B0056FE64 /* Resources */,
			);
			buildRules = (
			);
			dependencies = (
				9C931CCB26B1C23B0056FE64 /* PBXTargetDependency */,
			);
			name = InstagridUITests;
			productName = InstagridUITests;
			productReference = 9C931CC926B1C23B0056FE64 /* InstagridUITests.xctest */;
			productType = "com.apple.product-type.bundle.ui-testing";
		};
/* End PBXNativeTarget section */

/* Begin PBXProject section */
		9C931CA026B1C2390056FE64 /* Project object */ = {
			isa = PBXProject;
			attributes = {
				LastSwiftUpdateCheck = 1250;
				LastUpgradeCheck = 1250;
				TargetAttributes = {
					9C931CA726B1C2390056FE64 = {
						CreatedOnToolsVersion = 12.5.1;
					};
					9C931CBD26B1C23B0056FE64 = {
						CreatedOnToolsVersion = 12.5.1;
						TestTargetID = 9C931CA726B1C2390056FE64;
					};
					9C931CC826B1C23B0056FE64 = {
						CreatedOnToolsVersion = 12.5.1;
						TestTargetID = 9C931CA726B1C2390056FE64;
					};
				};
			};
			buildConfigurationList = 9C931CA326B1C2390056FE64 /* Build configuration list for PBXProject "Instagrid" */;
			compatibilityVersion = "Xcode 9.3";
			developmentRegion = en;
			hasScannedForEncodings = 0;
			knownRegions = (
				en,
				Base,
			);
			mainGroup = 9C931C9F26B1C2390056FE64;
			productRefGroup = 9C931CA926B1C2390056FE64 /* Products */;
			projectDirPath = "";
			projectRoot = "";
			targets = (
				9C931CA726B1C2390056FE64 /* Instagrid */,
				9C931CBD26B1C23B0056FE64 /* InstagridTests */,
				9C931CC826B1C23B0056FE64 /* InstagridUITests */,
			);
		};
/* End PBXProject section */

/* Begin PBXResourcesBuildPhase section */
		9C931CA626B1C2390056FE64 /* Resources */ = {
			isa = PBXResourcesBuildPhase;
			buildActionMask = 2147483647;
			files = (
				9C931CB826B1C23B0056FE64 /* LaunchScreen.storyboard in Resources */,
				9C931CB526B1C23B0056FE64 /* Assets.xcassets in Resources */,
				9CD1BB3F26B6EB05000F2054 /* ThirstySoftRegular.otf in Resources */,
				9CD1BB3E26B6EB05000F2054 /* Delm-Medium.otf in Resources */,
				9C931CB326B1C2390056FE64 /* Main.storyboard in Resources */,
			);
			runOnlyForDeploymentPostprocessing = 0;
		};
		9C931CBC26B1C23B0056FE64 /* Resources */ = {
			isa = PBXResourcesBuildPhase;
			buildActionMask = 2147483647;
			files = (
			);
			runOnlyForDeploymentPostprocessing = 0;
		};
		9C931CC726B1C23B0056FE64 /* Resources */ = {
			isa = PBXResourcesBuildPhase;
			buildActionMask = 2147483647;
			files = (
			);
			runOnlyForDeploymentPostprocessing = 0;
		};
/* End PBXResourcesBuildPhase section */

/* Begin PBXSourcesBuildPhase section */
		9C931CA426B1C2390056FE64 /* Sources */ = {
			isa = PBXSourcesBuildPhase;
			buildActionMask = 2147483647;
			files = (
				9C931CB026B1C2390056FE64 /* ViewController.swift in Sources */,
				9C931CAC26B1C2390056FE64 /* AppDelegate.swift in Sources */,
				9C11AB4426CD40A600FC247C /* LayoutView.swift in Sources */,
				9C931CAE26B1C2390056FE64 /* SceneDelegate.swift in Sources */,
			);
			runOnlyForDeploymentPostprocessing = 0;
		};
		9C931CBA26B1C23B0056FE64 /* Sources */ = {
			isa = PBXSourcesBuildPhase;
			buildActionMask = 2147483647;
			files = (
				9C931CC326B1C23B0056FE64 /* InstagridTests.swift in Sources */,
			);
			runOnlyForDeploymentPostprocessing = 0;
		};
		9C931CC526B1C23B0056FE64 /* Sources */ = {
			isa = PBXSourcesBuildPhase;
			buildActionMask = 2147483647;
			files = (
				9C931CCE26B1C23B0056FE64 /* InstagridUITests.swift in Sources */,
			);
			runOnlyForDeploymentPostprocessing = 0;
		};
/* End PBXSourcesBuildPhase section */

/* Begin PBXTargetDependency section */
		9C931CC026B1C23B0056FE64 /* PBXTargetDependency */ = {
			isa = PBXTargetDependency;
			target = 9C931CA726B1C2390056FE64 /* Instagrid */;
			targetProxy = 9C931CBF26B1C23B0056FE64 /* PBXContainerItemProxy */;
		};
		9C931CCB26B1C23B0056FE64 /* PBXTargetDependency */ = {
			isa = PBXTargetDependency;
			target = 9C931CA726B1C2390056FE64 /* Instagrid */;
			targetProxy = 9C931CCA26B1C23B0056FE64 /* PBXContainerItemProxy */;
		};
/* End PBXTargetDependency section */

/* Begin PBXVariantGroup section */
		9C931CB126B1C2390056FE64 /* Main.storyboard */ = {
			isa = PBXVariantGroup;
			children = (
				9C931CB226B1C2390056FE64 /* Base */,
			);
			name = Main.storyboard;
			sourceTree = "<group>";
		};
		9C931CB626B1C23B0056FE64 /* LaunchScreen.storyboard */ = {
			isa = PBXVariantGroup;
			children = (
				9C931CB726B1C23B0056FE64 /* Base */,
			);
			name = LaunchScreen.storyboard;
			sourceTree = "<group>";
		};
/* End PBXVariantGroup section */

/* Begin XCBuildConfiguration section */
		9C931CD026B1C23B0056FE64 /* Debug */ = {
			isa = XCBuildConfiguration;
			buildSettings = {
				ALWAYS_SEARCH_USER_PATHS = NO;
				CLANG_ANALYZER_NONNULL = YES;
				CLANG_ANALYZER_NUMBER_OBJECT_CONVERSION = YES_AGGRESSIVE;
				CLANG_CXX_LANGUAGE_STANDARD = "gnu++14";
				CLANG_CXX_LIBRARY = "libc++";
				CLANG_ENABLE_MODULES = YES;
				CLANG_ENABLE_OBJC_ARC = YES;
				CLANG_ENABLE_OBJC_WEAK = YES;
				CLANG_WARN_BLOCK_CAPTURE_AUTORELEASING = YES;
				CLANG_WARN_BOOL_CONVERSION = YES;
				CLANG_WARN_COMMA = YES;
				CLANG_WARN_CONSTANT_CONVERSION = YES;
				CLANG_WARN_DEPRECATED_OBJC_IMPLEMENTATIONS = YES;
				CLANG_WARN_DIRECT_OBJC_ISA_USAGE = YES_ERROR;
				CLANG_WARN_DOCUMENTATION_COMMENTS = YES;
				CLANG_WARN_EMPTY_BODY = YES;
				CLANG_WARN_ENUM_CONVERSION = YES;
				CLANG_WARN_INFINITE_RECURSION = YES;
				CLANG_WARN_INT_CONVERSION = YES;
				CLANG_WARN_NON_LITERAL_NULL_CONVERSION = YES;
				CLANG_WARN_OBJC_IMPLICIT_RETAIN_SELF = YES;
				CLANG_WARN_OBJC_LITERAL_CONVERSION = YES;
				CLANG_WARN_OBJC_ROOT_CLASS = YES_ERROR;
				CLANG_WARN_QUOTED_INCLUDE_IN_FRAMEWORK_HEADER = YES;
				CLANG_WARN_RANGE_LOOP_ANALYSIS = YES;
				CLANG_WARN_STRICT_PROTOTYPES = YES;
				CLANG_WARN_SUSPICIOUS_MOVE = YES;
				CLANG_WARN_UNGUARDED_AVAILABILITY = YES_AGGRESSIVE;
				CLANG_WARN_UNREACHABLE_CODE = YES;
				CLANG_WARN__DUPLICATE_METHOD_MATCH = YES;
				COPY_PHASE_STRIP = NO;
				DEBUG_INFORMATION_FORMAT = dwarf;
				ENABLE_STRICT_OBJC_MSGSEND = YES;
				ENABLE_TESTABILITY = YES;
				GCC_C_LANGUAGE_STANDARD = gnu11;
				GCC_DYNAMIC_NO_PIC = NO;
				GCC_NO_COMMON_BLOCKS = YES;
				GCC_OPTIMIZATION_LEVEL = 0;
				GCC_PREPROCESSOR_DEFINITIONS = (
					"DEBUG=1",
					"$(inherited)",
				);
				GCC_WARN_64_TO_32_BIT_CONVERSION = YES;
				GCC_WARN_ABOUT_RETURN_TYPE = YES_ERROR;
				GCC_WARN_UNDECLARED_SELECTOR = YES;
				GCC_WARN_UNINITIALIZED_AUTOS = YES_AGGRESSIVE;
				GCC_WARN_UNUSED_FUNCTION = YES;
				GCC_WARN_UNUSED_VARIABLE = YES;
				IPHONEOS_DEPLOYMENT_TARGET = 14.5;
				MTL_ENABLE_DEBUG_INFO = INCLUDE_SOURCE;
				MTL_FAST_MATH = YES;
				ONLY_ACTIVE_ARCH = YES;
				SDKROOT = iphoneos;
				SWIFT_ACTIVE_COMPILATION_CONDITIONS = DEBUG;
				SWIFT_OPTIMIZATION_LEVEL = "-Onone";
			};
			name = Debug;
		};
		9C931CD126B1C23B0056FE64 /* Release */ = {
			isa = XCBuildConfiguration;
			buildSettings = {
				ALWAYS_SEARCH_USER_PATHS = NO;
				CLANG_ANALYZER_NONNULL = YES;
				CLANG_ANALYZER_NUMBER_OBJECT_CONVERSION = YES_AGGRESSIVE;
				CLANG_CXX_LANGUAGE_STANDARD = "gnu++14";
				CLANG_CXX_LIBRARY = "libc++";
				CLANG_ENABLE_MODULES = YES;
				CLANG_ENABLE_OBJC_ARC = YES;
				CLANG_ENABLE_OBJC_WEAK = YES;
				CLANG_WARN_BLOCK_CAPTURE_AUTORELEASING = YES;
				CLANG_WARN_BOOL_CONVERSION = YES;
				CLANG_WARN_COMMA = YES;
				CLANG_WARN_CONSTANT_CONVERSION = YES;
				CLANG_WARN_DEPRECATED_OBJC_IMPLEMENTATIONS = YES;
				CLANG_WARN_DIRECT_OBJC_ISA_USAGE = YES_ERROR;
				CLANG_WARN_DOCUMENTATION_COMMENTS = YES;
				CLANG_WARN_EMPTY_BODY = YES;
				CLANG_WARN_ENUM_CONVERSION = YES;
				CLANG_WARN_INFINITE_RECURSION = YES;
				CLANG_WARN_INT_CONVERSION = YES;
				CLANG_WARN_NON_LITERAL_NULL_CONVERSION = YES;
				CLANG_WARN_OBJC_IMPLICIT_RETAIN_SELF = YES;
				CLANG_WARN_OBJC_LITERAL_CONVERSION = YES;
				CLANG_WARN_OBJC_ROOT_CLASS = YES_ERROR;
				CLANG_WARN_QUOTED_INCLUDE_IN_FRAMEWORK_HEADER = YES;
				CLANG_WARN_RANGE_LOOP_ANALYSIS = YES;
				CLANG_WARN_STRICT_PROTOTYPES = YES;
				CLANG_WARN_SUSPICIOUS_MOVE = YES;
				CLANG_WARN_UNGUARDED_AVAILABILITY = YES_AGGRESSIVE;
				CLANG_WARN_UNREACHABLE_CODE = YES;
				CLANG_WARN__DUPLICATE_METHOD_MATCH = YES;
				COPY_PHASE_STRIP = NO;
				DEBUG_INFORMATION_FORMAT = "dwarf-with-dsym";
				ENABLE_NS_ASSERTIONS = NO;
				ENABLE_STRICT_OBJC_MSGSEND = YES;
				GCC_C_LANGUAGE_STANDARD = gnu11;
				GCC_NO_COMMON_BLOCKS = YES;
				GCC_WARN_64_TO_32_BIT_CONVERSION = YES;
				GCC_WARN_ABOUT_RETURN_TYPE = YES_ERROR;
				GCC_WARN_UNDECLARED_SELECTOR = YES;
				GCC_WARN_UNINITIALIZED_AUTOS = YES_AGGRESSIVE;
				GCC_WARN_UNUSED_FUNCTION = YES;
				GCC_WARN_UNUSED_VARIABLE = YES;
				IPHONEOS_DEPLOYMENT_TARGET = 14.5;
				MTL_ENABLE_DEBUG_INFO = NO;
				MTL_FAST_MATH = YES;
				SDKROOT = iphoneos;
				SWIFT_COMPILATION_MODE = wholemodule;
				SWIFT_OPTIMIZATION_LEVEL = "-O";
				VALIDATE_PRODUCT = YES;
			};
			name = Release;
		};
		9C931CD326B1C23B0056FE64 /* Debug */ = {
			isa = XCBuildConfiguration;
			buildSettings = {
				ASSETCATALOG_COMPILER_APPICON_NAME = AppIcon;
				ASSETCATALOG_COMPILER_GLOBAL_ACCENT_COLOR_NAME = AccentColor;
				CODE_SIGN_STYLE = Automatic;
				DEVELOPMENT_TEAM = 5ZT8AG2YD8;
				INFOPLIST_FILE = "Instagrid/Supporting Files/Info.plist";
				LD_RUNPATH_SEARCH_PATHS = (
					"$(inherited)",
					"@executable_path/Frameworks",
				);
				PRODUCT_BUNDLE_IDENTIFIER = MLWA.Instagrid;
				PRODUCT_NAME = "$(TARGET_NAME)";
				SWIFT_VERSION = 5.0;
				TARGETED_DEVICE_FAMILY = "1,2";
			};
			name = Debug;
		};
		9C931CD426B1C23B0056FE64 /* Release */ = {
			isa = XCBuildConfiguration;
			buildSettings = {
				ASSETCATALOG_COMPILER_APPICON_NAME = AppIcon;
				ASSETCATALOG_COMPILER_GLOBAL_ACCENT_COLOR_NAME = AccentColor;
				CODE_SIGN_STYLE = Automatic;
				DEVELOPMENT_TEAM = 5ZT8AG2YD8;
				INFOPLIST_FILE = "Instagrid/Supporting Files/Info.plist";
				LD_RUNPATH_SEARCH_PATHS = (
					"$(inherited)",
					"@executable_path/Frameworks",
				);
				PRODUCT_BUNDLE_IDENTIFIER = MLWA.Instagrid;
				PRODUCT_NAME = "$(TARGET_NAME)";
				SWIFT_VERSION = 5.0;
				TARGETED_DEVICE_FAMILY = "1,2";
			};
			name = Release;
		};
		9C931CD626B1C23B0056FE64 /* Debug */ = {
			isa = XCBuildConfiguration;
			buildSettings = {
				ALWAYS_EMBED_SWIFT_STANDARD_LIBRARIES = YES;
				BUNDLE_LOADER = "$(TEST_HOST)";
				CODE_SIGN_STYLE = Automatic;
				DEVELOPMENT_TEAM = 5ZT8AG2YD8;
				INFOPLIST_FILE = InstagridTests/Info.plist;
				IPHONEOS_DEPLOYMENT_TARGET = 14.5;
				LD_RUNPATH_SEARCH_PATHS = (
					"$(inherited)",
					"@executable_path/Frameworks",
					"@loader_path/Frameworks",
				);
				PRODUCT_BUNDLE_IDENTIFIER = MLWA.InstagridTests;
				PRODUCT_NAME = "$(TARGET_NAME)";
				SWIFT_VERSION = 5.0;
				TARGETED_DEVICE_FAMILY = "1,2";
				TEST_HOST = "$(BUILT_PRODUCTS_DIR)/Instagrid.app/Instagrid";
			};
			name = Debug;
		};
		9C931CD726B1C23B0056FE64 /* Release */ = {
			isa = XCBuildConfiguration;
			buildSettings = {
				ALWAYS_EMBED_SWIFT_STANDARD_LIBRARIES = YES;
				BUNDLE_LOADER = "$(TEST_HOST)";
				CODE_SIGN_STYLE = Automatic;
				DEVELOPMENT_TEAM = 5ZT8AG2YD8;
				INFOPLIST_FILE = InstagridTests/Info.plist;
				IPHONEOS_DEPLOYMENT_TARGET = 14.5;
				LD_RUNPATH_SEARCH_PATHS = (
					"$(inherited)",
					"@executable_path/Frameworks",
					"@loader_path/Frameworks",
				);
				PRODUCT_BUNDLE_IDENTIFIER = MLWA.InstagridTests;
				PRODUCT_NAME = "$(TARGET_NAME)";
				SWIFT_VERSION = 5.0;
				TARGETED_DEVICE_FAMILY = "1,2";
				TEST_HOST = "$(BUILT_PRODUCTS_DIR)/Instagrid.app/Instagrid";
			};
			name = Release;
		};
		9C931CD926B1C23B0056FE64 /* Debug */ = {
			isa = XCBuildConfiguration;
			buildSettings = {
				ALWAYS_EMBED_SWIFT_STANDARD_LIBRARIES = YES;
				CODE_SIGN_STYLE = Automatic;
				DEVELOPMENT_TEAM = 5ZT8AG2YD8;
				INFOPLIST_FILE = InstagridUITests/Info.plist;
				LD_RUNPATH_SEARCH_PATHS = (
					"$(inherited)",
					"@executable_path/Frameworks",
					"@loader_path/Frameworks",
				);
				PRODUCT_BUNDLE_IDENTIFIER = MLWA.InstagridUITests;
				PRODUCT_NAME = "$(TARGET_NAME)";
				SWIFT_VERSION = 5.0;
				TARGETED_DEVICE_FAMILY = "1,2";
				TEST_TARGET_NAME = Instagrid;
			};
			name = Debug;
		};
		9C931CDA26B1C23B0056FE64 /* Release */ = {
			isa = XCBuildConfiguration;
			buildSettings = {
				ALWAYS_EMBED_SWIFT_STANDARD_LIBRARIES = YES;
				CODE_SIGN_STYLE = Automatic;
				DEVELOPMENT_TEAM = 5ZT8AG2YD8;
				INFOPLIST_FILE = InstagridUITests/Info.plist;
				LD_RUNPATH_SEARCH_PATHS = (
					"$(inherited)",
					"@executable_path/Frameworks",
					"@loader_path/Frameworks",
				);
				PRODUCT_BUNDLE_IDENTIFIER = MLWA.InstagridUITests;
				PRODUCT_NAME = "$(TARGET_NAME)";
				SWIFT_VERSION = 5.0;
				TARGETED_DEVICE_FAMILY = "1,2";
				TEST_TARGET_NAME = Instagrid;
			};
			name = Release;
		};
/* End XCBuildConfiguration section */

/* Begin XCConfigurationList section */
		9C931CA326B1C2390056FE64 /* Build configuration list for PBXProject "Instagrid" */ = {
			isa = XCConfigurationList;
			buildConfigurations = (
				9C931CD026B1C23B0056FE64 /* Debug */,
				9C931CD126B1C23B0056FE64 /* Release */,
			);
			defaultConfigurationIsVisible = 0;
			defaultConfigurationName = Release;
		};
		9C931CD226B1C23B0056FE64 /* Build configuration list for PBXNativeTarget "Instagrid" */ = {
			isa = XCConfigurationList;
			buildConfigurations = (
				9C931CD326B1C23B0056FE64 /* Debug */,
				9C931CD426B1C23B0056FE64 /* Release */,
			);
			defaultConfigurationIsVisible = 0;
			defaultConfigurationName = Release;
		};
		9C931CD526B1C23B0056FE64 /* Build configuration list for PBXNativeTarget "InstagridTests" */ = {
			isa = XCConfigurationList;
			buildConfigurations = (
				9C931CD626B1C23B0056FE64 /* Debug */,
				9C931CD726B1C23B0056FE64 /* Release */,
			);
			defaultConfigurationIsVisible = 0;
			defaultConfigurationName = Release;
		};
		9C931CD826B1C23B0056FE64 /* Build configuration list for PBXNativeTarget "InstagridUITests" */ = {
			isa = XCConfigurationList;
			buildConfigurations = (
				9C931CD926B1C23B0056FE64 /* Debug */,
				9C931CDA26B1C23B0056FE64 /* Release */,
			);
			defaultConfigurationIsVisible = 0;
			defaultConfigurationName = Release;
		};
/* End XCConfigurationList section */
	};
	rootObject = 9C931CA026B1C2390056FE64 /* Project object */;
}
